// !$*UTF8*$!
{
	archiveVersion = 1;
	classes = {
	};
	objectVersion = 56;
	objects = {

/* Begin PBXBuildFile section */
		532912D72D68980500EC012C /* shimmerDlyaRusa.png in Resources */ = {isa = PBXBuildFile; fileRef = 532912D62D68980500EC012C /* shimmerDlyaRusa.png */; };
		535B00C82D783B3800BA9BF1 /* UnlockViewController.swift in Sources */ = {isa = PBXBuildFile; fileRef = 535B00C72D783B3800BA9BF1 /* UnlockViewController.swift */; };
		535B00CC2D784CA900BA9BF1 /* chuck-norris.png in Resources */ = {isa = PBXBuildFile; fileRef = 535B00CB2D784CA900BA9BF1 /* chuck-norris.png */; };
		5363782D2D6F182200B3DD38 /* search.png in Resources */ = {isa = PBXBuildFile; fileRef = 5363782C2D6F182200B3DD38 /* search.png */; };
		53EF38B92D658A180025F99A /* AppDelegate.swift in Sources */ = {isa = PBXBuildFile; fileRef = 53EF38B82D658A180025F99A /* AppDelegate.swift */; };
		53EF38BB2D658A180025F99A /* SceneDelegate.swift in Sources */ = {isa = PBXBuildFile; fileRef = 53EF38BA2D658A180025F99A /* SceneDelegate.swift */; };
		53EF38C22D658A1A0025F99A /* Assets.xcassets in Resources */ = {isa = PBXBuildFile; fileRef = 53EF38C12D658A1A0025F99A /* Assets.xcassets */; };
		53EF38CD2D658F5C0025F99A /* SearchTableViewController.swift in Sources */ = {isa = PBXBuildFile; fileRef = 53EF38CC2D658F5C0025F99A /* SearchTableViewController.swift */; };
		53EF38D02D65914C0025F99A /* SortViewController.swift in Sources */ = {isa = PBXBuildFile; fileRef = 53EF38CE2D65914C0025F99A /* SortViewController.swift */; };
		53EF38D12D65914C0025F99A /* RandomViewController.swift in Sources */ = {isa = PBXBuildFile; fileRef = 53EF38CF2D65914C0025F99A /* RandomViewController.swift */; };
		53EF38D32D6591A50025F99A /* ChuckNorris.swift in Sources */ = {isa = PBXBuildFile; fileRef = 53EF38D22D6591A50025F99A /* ChuckNorris.swift */; };
		53EF38D52D6591C70025F99A /* NetworkManager.swift in Sources */ = {isa = PBXBuildFile; fileRef = 53EF38D42D6591C60025F99A /* NetworkManager.swift */; };
/* End PBXBuildFile section */

/* Begin PBXFileReference section */
		532912D62D68980500EC012C /* shimmerDlyaRusa.png */ = {isa = PBXFileReference; lastKnownFileType = image.png; name = shimmerDlyaRusa.png; path = ChuckNorris/shimmerDlyaRusa.png; sourceTree = SOURCE_ROOT; };
		535B00C72D783B3800BA9BF1 /* UnlockViewController.swift */ = {isa = PBXFileReference; lastKnownFileType = sourcecode.swift; path = UnlockViewController.swift; sourceTree = "<group>"; };
		535B00CB2D784CA900BA9BF1 /* chuck-norris.png */ = {isa = PBXFileReference; lastKnownFileType = image.png; path = "chuck-norris.png"; sourceTree = "<group>"; };
		5363782C2D6F182200B3DD38 /* search.png */ = {isa = PBXFileReference; lastKnownFileType = image.png; path = search.png; sourceTree = "<group>"; };
		53EF38B52D658A180025F99A /* ChuckNorris.app */ = {isa = PBXFileReference; explicitFileType = wrapper.application; includeInIndex = 0; path = ChuckNorris.app; sourceTree = BUILT_PRODUCTS_DIR; };
		53EF38B82D658A180025F99A /* AppDelegate.swift */ = {isa = PBXFileReference; lastKnownFileType = sourcecode.swift; path = AppDelegate.swift; sourceTree = "<group>"; };
		53EF38BA2D658A180025F99A /* SceneDelegate.swift */ = {isa = PBXFileReference; lastKnownFileType = sourcecode.swift; path = SceneDelegate.swift; sourceTree = "<group>"; };
		53EF38C12D658A1A0025F99A /* Assets.xcassets */ = {isa = PBXFileReference; lastKnownFileType = folder.assetcatalog; path = Assets.xcassets; sourceTree = "<group>"; };
		53EF38C62D658A1A0025F99A /* Info.plist */ = {isa = PBXFileReference; lastKnownFileType = text.plist.xml; path = Info.plist; sourceTree = "<group>"; };
		53EF38CC2D658F5C0025F99A /* SearchTableViewController.swift */ = {isa = PBXFileReference; fileEncoding = 4; lastKnownFileType = sourcecode.swift; path = SearchTableViewController.swift; sourceTree = "<group>"; };
		53EF38CE2D65914C0025F99A /* SortViewController.swift */ = {isa = PBXFileReference; fileEncoding = 4; lastKnownFileType = sourcecode.swift; path = SortViewController.swift; sourceTree = "<group>"; };
		53EF38CF2D65914C0025F99A /* RandomViewController.swift */ = {isa = PBXFileReference; fileEncoding = 4; lastKnownFileType = sourcecode.swift; path = RandomViewController.swift; sourceTree = "<group>"; };
		53EF38D22D6591A50025F99A /* ChuckNorris.swift */ = {isa = PBXFileReference; fileEncoding = 4; lastKnownFileType = sourcecode.swift; path = ChuckNorris.swift; sourceTree = "<group>"; };
		53EF38D42D6591C60025F99A /* NetworkManager.swift */ = {isa = PBXFileReference; fileEncoding = 4; lastKnownFileType = sourcecode.swift; path = NetworkManager.swift; sourceTree = "<group>"; };
/* End PBXFileReference section */

/* Begin PBXFrameworksBuildPhase section */
		53EF38B22D658A180025F99A /* Frameworks */ = {
			isa = PBXFrameworksBuildPhase;
			buildActionMask = 2147483647;
			files = (
			);
			runOnlyForDeploymentPostprocessing = 0;
		};
/* End PBXFrameworksBuildPhase section */

/* Begin PBXGroup section */
		53EF38AC2D658A180025F99A = {
			isa = PBXGroup;
			children = (
				53EF38B72D658A180025F99A /* ChuckNorris */,
				53EF38B62D658A180025F99A /* Products */,
			);
			sourceTree = "<group>";
		};
		53EF38B62D658A180025F99A /* Products */ = {
			isa = PBXGroup;
			children = (
				53EF38B52D658A180025F99A /* ChuckNorris.app */,
			);
			name = Products;
			sourceTree = "<group>";
		};
		53EF38B72D658A180025F99A /* ChuckNorris */ = {
			isa = PBXGroup;
			children = (
				53EF38D62D6591E00025F99A /* NetworkManagers */,
				53EF38D72D6591F70025F99A /* Models */,
				53EF38D82D6592110025F99A /* ViewControllers */,
				53EF38D92D6592300025F99A /* Resources */,
				53EF38DA2D65F5590025F99A /* Images */,
			);
			path = ChuckNorris;
			sourceTree = "<group>";
		};
		53EF38D62D6591E00025F99A /* NetworkManagers */ = {
			isa = PBXGroup;
			children = (
				53EF38D42D6591C60025F99A /* NetworkManager.swift */,
			);
			path = NetworkManagers;
			sourceTree = "<group>";
		};
		53EF38D72D6591F70025F99A /* Models */ = {
			isa = PBXGroup;
			children = (
				53EF38D22D6591A50025F99A /* ChuckNorris.swift */,
			);
			path = Models;
			sourceTree = "<group>";
		};
		53EF38D82D6592110025F99A /* ViewControllers */ = {
			isa = PBXGroup;
			children = (
				53EF38CF2D65914C0025F99A /* RandomViewController.swift */,
				53EF38CE2D65914C0025F99A /* SortViewController.swift */,
				53EF38CC2D658F5C0025F99A /* SearchTableViewController.swift */,
				535B00C72D783B3800BA9BF1 /* UnlockViewController.swift */,
			);
			path = ViewControllers;
			sourceTree = "<group>";
		};
		53EF38D92D6592300025F99A /* Resources */ = {
			isa = PBXGroup;
			children = (
				53EF38C62D658A1A0025F99A /* Info.plist */,
				53EF38B82D658A180025F99A /* AppDelegate.swift */,
				53EF38BA2D658A180025F99A /* SceneDelegate.swift */,
			);
			path = Resources;
			sourceTree = "<group>";
		};
		53EF38DA2D65F5590025F99A /* Images */ = {
			isa = PBXGroup;
			children = (
				535B00CB2D784CA900BA9BF1 /* chuck-norris.png */,
				5363782C2D6F182200B3DD38 /* search.png */,
				532912D62D68980500EC012C /* shimmerDlyaRusa.png */,
				53EF38C12D658A1A0025F99A /* Assets.xcassets */,
			);
			path = Images;
			sourceTree = "<group>";
		};
/* End PBXGroup section */

/* Begin PBXNativeTarget section */
		53EF38B42D658A180025F99A /* ChuckNorris */ = {
			isa = PBXNativeTarget;
			buildConfigurationList = 53EF38C92D658A1A0025F99A /* Build configuration list for PBXNativeTarget "ChuckNorris" */;
			buildPhases = (
				53EF38B12D658A180025F99A /* Sources */,
				53EF38B22D658A180025F99A /* Frameworks */,
				53EF38B32D658A180025F99A /* Resources */,
			);
			buildRules = (
			);
			dependencies = (
			);
			name = ChuckNorris;
			productName = ChuckNorris;
			productReference = 53EF38B52D658A180025F99A /* ChuckNorris.app */;
			productType = "com.apple.product-type.application";
		};
/* End PBXNativeTarget section */

/* Begin PBXProject section */
		53EF38AD2D658A180025F99A /* Project object */ = {
			isa = PBXProject;
			attributes = {
				BuildIndependentTargetsInParallel = 1;
				LastSwiftUpdateCheck = 1520;
				LastUpgradeCheck = 1520;
				TargetAttributes = {
					53EF38B42D658A180025F99A = {
						CreatedOnToolsVersion = 15.2;
					};
				};
			};
			buildConfigurationList = 53EF38B02D658A180025F99A /* Build configuration list for PBXProject "ChuckNorris" */;
			compatibilityVersion = "Xcode 14.0";
			developmentRegion = en;
			hasScannedForEncodings = 0;
			knownRegions = (
				en,
				Base,
			);
			mainGroup = 53EF38AC2D658A180025F99A;
			productRefGroup = 53EF38B62D658A180025F99A /* Products */;
			projectDirPath = "";
			projectRoot = "";
			targets = (
				53EF38B42D658A180025F99A /* ChuckNorris */,
			);
		};
/* End PBXProject section */

/* Begin PBXResourcesBuildPhase section */
		53EF38B32D658A180025F99A /* Resources */ = {
			isa = PBXResourcesBuildPhase;
			buildActionMask = 2147483647;
			files = (
				532912D72D68980500EC012C /* shimmerDlyaRusa.png in Resources */,
				5363782D2D6F182200B3DD38 /* search.png in Resources */,
				53EF38C22D658A1A0025F99A /* Assets.xcassets in Resources */,
				535B00CC2D784CA900BA9BF1 /* chuck-norris.png in Resources */,
			);
			runOnlyForDeploymentPostprocessing = 0;
		};
/* End PBXResourcesBuildPhase section */

/* Begin PBXSourcesBuildPhase section */
		53EF38B12D658A180025F99A /* Sources */ = {
			isa = PBXSourcesBuildPhase;
			buildActionMask = 2147483647;
			files = (
				535B00C82D783B3800BA9BF1 /* UnlockViewController.swift in Sources */,
				53EF38D02D65914C0025F99A /* SortViewController.swift in Sources */,
				53EF38B92D658A180025F99A /* AppDelegate.swift in Sources */,
				53EF38D12D65914C0025F99A /* RandomViewController.swift in Sources */,
				53EF38D52D6591C70025F99A /* NetworkManager.swift in Sources */,
				53EF38BB2D658A180025F99A /* SceneDelegate.swift in Sources */,
				53EF38CD2D658F5C0025F99A /* SearchTableViewController.swift in Sources */,
				53EF38D32D6591A50025F99A /* ChuckNorris.swift in Sources */,
			);
			runOnlyForDeploymentPostprocessing = 0;
		};
/* End PBXSourcesBuildPhase section */

/* Begin XCBuildConfiguration section */
		53EF38C72D658A1A0025F99A /* Debug */ = {
			isa = XCBuildConfiguration;
			buildSettings = {
				ALWAYS_SEARCH_USER_PATHS = NO;
				ASSETCATALOG_COMPILER_GENERATE_SWIFT_ASSET_SYMBOL_EXTENSIONS = YES;
				CLANG_ANALYZER_NONNULL = YES;
				CLANG_ANALYZER_NUMBER_OBJECT_CONVERSION = YES_AGGRESSIVE;
				CLANG_CXX_LANGUAGE_STANDARD = "gnu++20";
				CLANG_ENABLE_MODULES = YES;
				CLANG_ENABLE_OBJC_ARC = YES;
				CLANG_ENABLE_OBJC_WEAK = YES;
				CLANG_WARN_BLOCK_CAPTURE_AUTORELEASING = YES;
				CLANG_WARN_BOOL_CONVERSION = YES;
				CLANG_WARN_COMMA = YES;
				CLANG_WARN_CONSTANT_CONVERSION = YES;
				CLANG_WARN_DEPRECATED_OBJC_IMPLEMENTATIONS = YES;
				CLANG_WARN_DIRECT_OBJC_ISA_USAGE = YES_ERROR;
				CLANG_WARN_DOCUMENTATION_COMMENTS = YES;
				CLANG_WARN_EMPTY_BODY = YES;
				CLANG_WARN_ENUM_CONVERSION = YES;
				CLANG_WARN_INFINITE_RECURSION = YES;
				CLANG_WARN_INT_CONVERSION = YES;
				CLANG_WARN_NON_LITERAL_NULL_CONVERSION = YES;
				CLANG_WARN_OBJC_IMPLICIT_RETAIN_SELF = YES;
				CLANG_WARN_OBJC_LITERAL_CONVERSION = YES;
				CLANG_WARN_OBJC_ROOT_CLASS = YES_ERROR;
				CLANG_WARN_QUOTED_INCLUDE_IN_FRAMEWORK_HEADER = YES;
				CLANG_WARN_RANGE_LOOP_ANALYSIS = YES;
				CLANG_WARN_STRICT_PROTOTYPES = YES;
				CLANG_WARN_SUSPICIOUS_MOVE = YES;
				CLANG_WARN_UNGUARDED_AVAILABILITY = YES_AGGRESSIVE;
				CLANG_WARN_UNREACHABLE_CODE = YES;
				CLANG_WARN__DUPLICATE_METHOD_MATCH = YES;
				COPY_PHASE_STRIP = NO;
				DEBUG_INFORMATION_FORMAT = dwarf;
				ENABLE_STRICT_OBJC_MSGSEND = YES;
				ENABLE_TESTABILITY = YES;
				ENABLE_USER_SCRIPT_SANDBOXING = YES;
				GCC_C_LANGUAGE_STANDARD = gnu17;
				GCC_DYNAMIC_NO_PIC = NO;
				GCC_NO_COMMON_BLOCKS = YES;
				GCC_OPTIMIZATION_LEVEL = 0;
				GCC_PREPROCESSOR_DEFINITIONS = (
					"DEBUG=1",
					"$(inherited)",
				);
				GCC_WARN_64_TO_32_BIT_CONVERSION = YES;
				GCC_WARN_ABOUT_RETURN_TYPE = YES_ERROR;
				GCC_WARN_UNDECLARED_SELECTOR = YES;
				GCC_WARN_UNINITIALIZED_AUTOS = YES_AGGRESSIVE;
				GCC_WARN_UNUSED_FUNCTION = YES;
				GCC_WARN_UNUSED_VARIABLE = YES;
				IPHONEOS_DEPLOYMENT_TARGET = 17.2;
				LOCALIZATION_PREFERS_STRING_CATALOGS = YES;
				MTL_ENABLE_DEBUG_INFO = INCLUDE_SOURCE;
				MTL_FAST_MATH = YES;
				ONLY_ACTIVE_ARCH = YES;
				SDKROOT = iphoneos;
				SWIFT_ACTIVE_COMPILATION_CONDITIONS = "DEBUG $(inherited)";
				SWIFT_OPTIMIZATION_LEVEL = "-Onone";
			};
			name = Debug;
		};
		53EF38C82D658A1A0025F99A /* Release */ = {
			isa = XCBuildConfiguration;
			buildSettings = {
				ALWAYS_SEARCH_USER_PATHS = NO;
				ASSETCATALOG_COMPILER_GENERATE_SWIFT_ASSET_SYMBOL_EXTENSIONS = YES;
				CLANG_ANALYZER_NONNULL = YES;
				CLANG_ANALYZER_NUMBER_OBJECT_CONVERSION = YES_AGGRESSIVE;
				CLANG_CXX_LANGUAGE_STANDARD = "gnu++20";
				CLANG_ENABLE_MODULES = YES;
				CLANG_ENABLE_OBJC_ARC = YES;
				CLANG_ENABLE_OBJC_WEAK = YES;
				CLANG_WARN_BLOCK_CAPTURE_AUTORELEASING = YES;
				CLANG_WARN_BOOL_CONVERSION = YES;
				CLANG_WARN_COMMA = YES;
				CLANG_WARN_CONSTANT_CONVERSION = YES;
				CLANG_WARN_DEPRECATED_OBJC_IMPLEMENTATIONS = YES;
				CLANG_WARN_DIRECT_OBJC_ISA_USAGE = YES_ERROR;
				CLANG_WARN_DOCUMENTATION_COMMENTS = YES;
				CLANG_WARN_EMPTY_BODY = YES;
				CLANG_WARN_ENUM_CONVERSION = YES;
				CLANG_WARN_INFINITE_RECURSION = YES;
				CLANG_WARN_INT_CONVERSION = YES;
				CLANG_WARN_NON_LITERAL_NULL_CONVERSION = YES;
				CLANG_WARN_OBJC_IMPLICIT_RETAIN_SELF = YES;
				CLANG_WARN_OBJC_LITERAL_CONVERSION = YES;
				CLANG_WARN_OBJC_ROOT_CLASS = YES_ERROR;
				CLANG_WARN_QUOTED_INCLUDE_IN_FRAMEWORK_HEADER = YES;
				CLANG_WARN_RANGE_LOOP_ANALYSIS = YES;
				CLANG_WARN_STRICT_PROTOTYPES = YES;
				CLANG_WARN_SUSPICIOUS_MOVE = YES;
				CLANG_WARN_UNGUARDED_AVAILABILITY = YES_AGGRESSIVE;
				CLANG_WARN_UNREACHABLE_CODE = YES;
				CLANG_WARN__DUPLICATE_METHOD_MATCH = YES;
				COPY_PHASE_STRIP = NO;
				DEBUG_INFORMATION_FORMAT = "dwarf-with-dsym";
				ENABLE_NS_ASSERTIONS = NO;
				ENABLE_STRICT_OBJC_MSGSEND = YES;
				ENABLE_USER_SCRIPT_SANDBOXING = YES;
				GCC_C_LANGUAGE_STANDARD = gnu17;
				GCC_NO_COMMON_BLOCKS = YES;
				GCC_WARN_64_TO_32_BIT_CONVERSION = YES;
				GCC_WARN_ABOUT_RETURN_TYPE = YES_ERROR;
				GCC_WARN_UNDECLARED_SELECTOR = YES;
				GCC_WARN_UNINITIALIZED_AUTOS = YES_AGGRESSIVE;
				GCC_WARN_UNUSED_FUNCTION = YES;
				GCC_WARN_UNUSED_VARIABLE = YES;
				IPHONEOS_DEPLOYMENT_TARGET = 17.2;
				LOCALIZATION_PREFERS_STRING_CATALOGS = YES;
				MTL_ENABLE_DEBUG_INFO = NO;
				MTL_FAST_MATH = YES;
				SDKROOT = iphoneos;
				SWIFT_COMPILATION_MODE = wholemodule;
				VALIDATE_PRODUCT = YES;
			};
			name = Release;
		};
		53EF38CA2D658A1A0025F99A /* Debug */ = {
			isa = XCBuildConfiguration;
			buildSettings = {
				ASSETCATALOG_COMPILER_APPICON_NAME = AppIcon;
				ASSETCATALOG_COMPILER_GLOBAL_ACCENT_COLOR_NAME = AccentColor;
				CODE_SIGN_STYLE = Automatic;
				CURRENT_PROJECT_VERSION = 1;
				DEVELOPMENT_TEAM = 8RYX2DN3AS;
				GENERATE_INFOPLIST_FILE = YES;
				INFOPLIST_FILE = ChuckNorris/Resources/Info.plist;
				INFOPLIST_KEY_UIApplicationSupportsIndirectInputEvents = YES;
				INFOPLIST_KEY_UILaunchStoryboardName = LaunchScreen;
				INFOPLIST_KEY_UISupportedInterfaceOrientations = UIInterfaceOrientationPortrait;
				INFOPLIST_KEY_UISupportedInterfaceOrientations_iPad = "UIInterfaceOrientationLandscapeLeft UIInterfaceOrientationLandscapeRight UIInterfaceOrientationPortrait UIInterfaceOrientationPortraitUpsideDown";
				IPHONEOS_DEPLOYMENT_TARGET = 16.0;
				LD_RUNPATH_SEARCH_PATHS = (
					"$(inherited)",
					"@executable_path/Frameworks",
				);
				MARKETING_VERSION = 1.0;
				PRODUCT_BUNDLE_IDENTIFIER = kz.ArystanovRuslan.ChuckNorris;
				PRODUCT_NAME = "$(TARGET_NAME)";
				SUPPORTED_PLATFORMS = "iphoneos iphonesimulator";
				SUPPORTS_MACCATALYST = NO;
				SUPPORTS_MAC_DESIGNED_FOR_IPHONE_IPAD = NO;
				SUPPORTS_XR_DESIGNED_FOR_IPHONE_IPAD = NO;
				SWIFT_EMIT_LOC_STRINGS = YES;
				SWIFT_VERSION = 5.0;
				TARGETED_DEVICE_FAMILY = 1;
			};
			name = Debug;
		};
		53EF38CB2D658A1A0025F99A /* Release */ = {
			isa = XCBuildConfiguration;
			buildSettings = {
				ASSETCATALOG_COMPILER_APPICON_NAME = AppIcon;
				ASSETCATALOG_COMPILER_GLOBAL_ACCENT_COLOR_NAME = AccentColor;
				CODE_SIGN_STYLE = Automatic;
				CURRENT_PROJECT_VERSION = 1;
				DEVELOPMENT_TEAM = 8RYX2DN3AS;
				GENERATE_INFOPLIST_FILE = YES;
				INFOPLIST_FILE = ChuckNorris/Resources/Info.plist;
				INFOPLIST_KEY_UIApplicationSupportsIndirectInputEvents = YES;
				INFOPLIST_KEY_UILaunchStoryboardName = LaunchScreen;
				INFOPLIST_KEY_UISupportedInterfaceOrientations = UIInterfaceOrientationPortrait;
				INFOPLIST_KEY_UISupportedInterfaceOrientations_iPad = "UIInterfaceOrientationLandscapeLeft UIInterfaceOrientationLandscapeRight UIInterfaceOrientationPortrait UIInterfaceOrientationPortraitUpsideDown";
				IPHONEOS_DEPLOYMENT_TARGET = 16.0;
				LD_RUNPATH_SEARCH_PATHS = (
					"$(inherited)",
					"@executable_path/Frameworks",
				);
				MARKETING_VERSION = 1.0;
				PRODUCT_BUNDLE_IDENTIFIER = kz.ArystanovRuslan.ChuckNorris;
				PRODUCT_NAME = "$(TARGET_NAME)";
				SUPPORTED_PLATFORMS = "iphoneos iphonesimulator";
				SUPPORTS_MACCATALYST = NO;
				SUPPORTS_MAC_DESIGNED_FOR_IPHONE_IPAD = NO;
				SUPPORTS_XR_DESIGNED_FOR_IPHONE_IPAD = NO;
				SWIFT_EMIT_LOC_STRINGS = YES;
				SWIFT_VERSION = 5.0;
				TARGETED_DEVICE_FAMILY = 1;
			};
			name = Release;
		};
/* End XCBuildConfiguration section */

/* Begin XCConfigurationList section */
		53EF38B02D658A180025F99A /* Build configuration list for PBXProject "ChuckNorris" */ = {
			isa = XCConfigurationList;
			buildConfigurations = (
				53EF38C72D658A1A0025F99A /* Debug */,
				53EF38C82D658A1A0025F99A /* Release */,
			);
			defaultConfigurationIsVisible = 0;
			defaultConfigurationName = Release;
		};
		53EF38C92D658A1A0025F99A /* Build configuration list for PBXNativeTarget "ChuckNorris" */ = {
			isa = XCConfigurationList;
			buildConfigurations = (
				53EF38CA2D658A1A0025F99A /* Debug */,
				53EF38CB2D658A1A0025F99A /* Release */,
			);
			defaultConfigurationIsVisible = 0;
			defaultConfigurationName = Release;
		};
/* End XCConfigurationList section */
	};
	rootObject = 53EF38AD2D658A180025F99A /* Project object */;
}
